{
  "nodes": {
    "agenix": {
      "inputs": {
        "nixpkgs": [
          "nixpkgs"
        ]
      },
      "locked": {
        "lastModified": 1662241716,
        "narHash": "sha256-urqPvSvvGUhkwzTDxUI8N1nsdMysbAfjmBNZaTYBZRU=",
        "owner": "ryantm",
        "repo": "agenix",
        "rev": "c96da5835b76d3d8e8d99a0fec6fe32f8539ee2e",
        "type": "github"
      },
      "original": {
        "owner": "ryantm",
        "repo": "agenix",
        "type": "github"
      }
    },
    "alex-home": {
      "inputs": {
        "agenix": [
          "agenix"
        ],
        "flake-utils": [
          "flake-utils"
        ],
        "home-manager": [
          "home-manager"
        ],
        "nixpkgs": [
          "nixpkgs"
        ],
        "nixpkgs-unstable": [
          "nixpkgs-unstable"
        ],
        "nur": "nur",
        "rust-overlay": "rust-overlay"
      },
      "locked": {
        "lastModified": 1662550242,
        "narHash": "sha256-MZNmBFw/hcbdcVYh1d2zMdjyNRHUq0DIAZqqpCB6zzk=",
        "owner": "averyanalex",
        "repo": "nixos",
        "rev": "96c8fa309d2dace656ba53ec984ea18d00ec75d5",
        "type": "github"
      },
      "original": {
        "owner": "averyanalex",
        "repo": "nixos",
        "type": "github"
      }
    },
    "bp": {
      "inputs": {
        "nixpkgs": [
          "cofob-ru",
          "nixpkgs"
        ]
      },
      "locked": {
        "lastModified": 1662627485,
        "narHash": "sha256-Kg8u2ekU0+MsuLzgKqiaus3HquLLo2Qq+oGbQfIppos=",
        "owner": "serokell",
        "repo": "nix-npm-buildpackage",
        "rev": "cab951dd024dd367511d48440de6f93664ee35aa",
        "type": "github"
      },
      "original": {
        "owner": "serokell",
        "repo": "nix-npm-buildpackage",
        "type": "github"
      }
    },
    "bps": {
      "inputs": {
        "nixpkgs": [
          "nixpkgs"
        ]
      },
      "locked": {
        "lastModified": 1662204380,
        "narHash": "sha256-gM8qpyjBtDDCMtLRdk1pvOz1YaSvEOpRG0glE/y8NM0=",
        "owner": "DomesticMoth",
        "repo": "bps",
        "rev": "4b9fe284ff22a7d8cc77a85d9922cffbe1099247",
        "type": "github"
      },
      "original": {
        "owner": "DomesticMoth",
        "repo": "bps",
        "type": "github"
      }
    },
    "cofob-home": {
      "inputs": {
        "agenix": [
          "agenix"
        ],
        "home-manager": [
          "home-manager"
        ],
        "nixpkgs": [
          "nixpkgs"
        ],
        "nixpkgs-unstable": [
          "nixpkgs-unstable"
        ],
        "nur": "nur_2"
      },
      "locked": {
        "lastModified": 1663314539,
        "narHash": "sha256-V3dWioE8xeY4HCWLeGJVKmDg7w7m6L1dn6B/STqO5ik=",
        "ref": "master",
        "rev": "d3b675a1531ebcad8d0e512d864ca009a9cd90d3",
        "revCount": 237,
        "type": "git",
        "url": "https://git.frsqr.xyz/cofob/nixos"
      },
      "original": {
        "type": "git",
        "url": "https://git.frsqr.xyz/cofob/nixos"
      }
    },
    "cofob-ru": {
      "inputs": {
        "bp": "bp",
        "flake-utils": [
          "flake-utils"
        ],
        "nixpkgs": [
          "nixpkgs"
        ]
      },
      "locked": {
        "lastModified": 1663256673,
        "narHash": "sha256-uqQjMafFI8Xa2UQ3vxPV99bh73dwoZjdk0yqRnEOpkU=",
        "ref": "main",
        "rev": "6cb986b736103ded36ef363c870dc240b9641b01",
        "revCount": 32,
        "type": "git",
        "url": "https://git.frsqr.xyz/cofob/cofob.ru"
      },
      "original": {
        "ref": "main",
        "type": "git",
        "url": "https://git.frsqr.xyz/cofob/cofob.ru"
      }
    },
    "flake-utils": {
      "locked": {
        "lastModified": 1656928814,
        "narHash": "sha256-RIFfgBuKz6Hp89yRr7+NR5tzIAbn52h8vT6vXkYjZoM=",
        "owner": "numtide",
        "repo": "flake-utils",
        "rev": "7e2a3b3dfd9af950a856d66b0a7d01e3c18aa249",
        "type": "github"
      },
      "original": {
        "owner": "numtide",
        "repo": "flake-utils",
        "type": "github"
      }
    },
    "flake-utils_2": {
      "locked": {
        "lastModified": 1659877975,
        "narHash": "sha256-zllb8aq3YO3h8B/U0/J1WBgAL8EX5yWf5pMj3G0NAmc=",
        "owner": "numtide",
        "repo": "flake-utils",
        "rev": "c0e246b9b83f637f4681389ecabcb2681b4f3af0",
        "type": "github"
      },
      "original": {
        "owner": "numtide",
        "repo": "flake-utils",
        "type": "github"
      }
    },
    "home-manager": {
      "inputs": {
        "nixpkgs": [
          "nixpkgs"
        ]
      },
      "locked": {
        "lastModified": 1656169755,
        "narHash": "sha256-Nlnm4jeQWEGjYrE6hxi/7HYHjBSZ/E0RtjCYifnNsWk=",
        "owner": "nix-community",
        "repo": "home-manager",
        "rev": "4a3d01fb53f52ac83194081272795aa4612c2381",
        "type": "github"
      },
      "original": {
        "owner": "nix-community",
        "ref": "release-22.05",
        "repo": "home-manager",
        "type": "github"
      }
    },
    "nixpkgs": {
      "locked": {
        "lastModified": 1663244735,
        "narHash": "sha256-+EukKkeAx6ithOLM1u5x4D12ZFuoi6vpPYjhNDmLz1o=",
        "owner": "nixos",
        "repo": "nixpkgs",
        "rev": "178fea1414ae708a5704490f4c49ec3320be9815",
        "type": "github"
      },
      "original": {
        "owner": "nixos",
        "ref": "nixos-22.05",
        "repo": "nixpkgs",
        "type": "github"
      }
    },
    "nixpkgs-unstable": {
      "locked": {
        "lastModified": 1663178737,
        "narHash": "sha256-ayOtdyoNx6BqJtTYVzdQCDz/YWb67TY/CMGacFCgNQo=",
        "owner": "nixos",
        "repo": "nixpkgs",
        "rev": "1158501e7c7cba26d922723cf9f70099995eb755",
        "type": "github"
      },
      "original": {
        "owner": "nixos",
        "ref": "nixos-unstable",
        "repo": "nixpkgs",
        "type": "github"
      }
    },
    "nur": {
      "locked": {
        "lastModified": 1662545195,
        "narHash": "sha256-eiQO1jaEBHSHnEfWG+UP4Fpd9+YDTDhslBiRNcaUtAA=",
        "owner": "nix-community",
        "repo": "NUR",
        "rev": "ac09047f0ae9b9490107966f2b2b065c843a2453",
        "type": "github"
      },
      "original": {
        "owner": "nix-community",
        "repo": "NUR",
        "type": "github"
      }
    },
    "nur_2": {
      "locked": {
        "lastModified": 1663042233,
        "narHash": "sha256-wCQR1v2oeomaoVe0u3sO/XtKt2w5RBpq4Jya2XzY73k=",
        "owner": "nix-community",
        "repo": "NUR",
        "rev": "4ae81e226f3b7b36dedac859627da8eb3b627586",
        "type": "github"
      },
      "original": {
        "owner": "nix-community",
        "repo": "NUR",
        "type": "github"
      }
    },
    "root": {
      "inputs": {
        "agenix": "agenix",
        "alex-home": "alex-home",
        "bps": "bps",
        "cofob-home": "cofob-home",
        "cofob-ru": "cofob-ru",
        "flake-utils": "flake-utils_2",
        "home-manager": "home-manager",
        "nixpkgs": "nixpkgs",
        "nixpkgs-unstable": "nixpkgs-unstable",
        "tg-captcha": "tg-captcha"
      }
    },
    "rust-overlay": {
      "inputs": {
        "flake-utils": "flake-utils",
        "nixpkgs": [
          "alex-home",
          "nixpkgs-unstable"
        ]
      },
      "locked": {
        "lastModified": 1662519741,
        "narHash": "sha256-SrtSAMkTri4KseXliYfOjz9qqGAlX/L+ZZDHAMkYfh0=",
        "owner": "oxalica",
        "repo": "rust-overlay",
        "rev": "fae4c3204fb45876f8b54ab1e982de8896269868",
        "type": "github"
      },
      "original": {
        "owner": "oxalica",
        "repo": "rust-overlay",
        "type": "github"
      }
    },
    "tg-captcha": {
      "inputs": {
        "flake-utils": [
          "flake-utils"
        ],
        "nixpkgs": [
          "nixpkgs"
        ]
      },
      "locked": {
        "lastModified": 1661414194,
        "narHash": "sha256-4mu+Y7eknqfKXJCqsJecASvI5YOFuifMz3fYvPhbybI=",
        "ref": "main",
        "rev": "65e8851fbf1f4a0846851a39e292a972d716285a",
        "revCount": 1,
        "type": "git",
        "url": "https://git.frsqr.xyz/cofob/captcha"
      },
      "original": {
        "ref": "main",
        "type": "git",
        "url": "https://git.frsqr.xyz/cofob/captcha"
      }
    }
  },
  "root": "root",
  "version": 7
}
